
Microsoft Visual Studio Solution File, Format Version 12.00
# Visual Studio Version 17
VisualStudioVersion = 17.3.32819.101
MinimumVisualStudioVersion = 10.0.40219.1
Project("{FAE04EC0-301F-11D3-BF4B-00C04F79EFBC}") = "LB1", "LB1.csproj", "{DF400234-FDE7-4B39-B8D7-A9C4AC5BA777}"
EndProject
Project("{FAE04EC0-301F-11D3-BF4B-00C04F79EFBC}") = "Server", "Server\Server.csproj", "{43938FF4-308E-498D-84BD-4C13DC143C5B}"
EndProject
Global
	GlobalSection(SolutionConfigurationPlatforms) = preSolution
		Debug|Any CPU = Debug|Any CPU
		Release|Any CPU = Release|Any CPU
	EndGlobalSection
	GlobalSection(ProjectConfigurationPlatforms) = postSolution
		{DF400234-FDE7-4B39-B8D7-A9C4AC5BA777}.Debug|Any CPU.ActiveCfg = Debug|Any CPU
		{DF400234-FDE7-4B39-B8D7-A9C4AC5BA777}.Debug|Any CPU.Build.0 = Debug|Any CPU
		{DF400234-FDE7-4B39-B8D7-A9C4AC5BA777}.Release|Any CPU.ActiveCfg = Release|Any CPU
		{DF400234-FDE7-4B39-B8D7-A9C4AC5BA777}.Release|Any CPU.Build.0 = Release|Any CPU
		{43938FF4-308E-498D-84BD-4C13DC143C5B}.Debug|Any CPU.ActiveCfg = Debug|Any CPU
		{43938FF4-308E-498D-84BD-4C13DC143C5B}.Debug|Any CPU.Build.0 = Debug|Any CPU
		{43938FF4-308E-498D-84BD-4C13DC143C5B}.Release|Any CPU.ActiveCfg = Release|Any CPU
		{43938FF4-308E-498D-84BD-4C13DC143C5B}.Release|Any CPU.Build.0 = Release|Any CPU
	EndGlobalSection
	GlobalSection(SolutionProperties) = preSolution
		HideSolutionNode = FALSE
	EndGlobalSection
	GlobalSection(ExtensibilityGlobals) = postSolution
		SolutionGuid = {1E63E40E-E314-4681-A65F-2C34B9EB0073}
	EndGlobalSection
EndGlobal
